
Microsoft Visual Studio Solution File, Format Version 12.00
# Visual Studio Version 17
VisualStudioVersion = 17.8.34511.84
MinimumVisualStudioVersion = 10.0.40219.1
Project("{9A19103F-16F7-4668-BE54-9A1E7A4F7556}") = "BulkyWeb", "BulkyWeb\BulkyWeb.csproj", "{15F4E186-DBB3-414E-9AC2-ED6264662E4D}"
EndProject
Project("{FAE04EC0-301F-11D3-BF4B-00C04F79EFBC}") = "Bulky.Models", "Bulky.Models\Bulky.Models.csproj", "{F97F316B-4C34-4D5B-B48F-2F568639B513}"
EndProject
Project("{FAE04EC0-301F-11D3-BF4B-00C04F79EFBC}") = "Bulky.Utility", "Bulky.Utility\Bulky.Utility.csproj", "{D75F2158-EFA0-457B-9B84-B90334E64A3A}"
EndProject
Project("{FAE04EC0-301F-11D3-BF4B-00C04F79EFBC}") = "BulkyDataAccess", "BulkyDataAccess\BulkyDataAccess.csproj", "{2129B11E-C075-4F4D-B195-2513A6A74716}"
EndProject
Global
	GlobalSection(SolutionConfigurationPlatforms) = preSolution
		Debug|Any CPU = Debug|Any CPU
		Release|Any CPU = Release|Any CPU
	EndGlobalSection
	GlobalSection(ProjectConfigurationPlatforms) = postSolution
		{15F4E186-DBB3-414E-9AC2-ED6264662E4D}.Debug|Any CPU.ActiveCfg = Debug|Any CPU
		{15F4E186-DBB3-414E-9AC2-ED6264662E4D}.Debug|Any CPU.Build.0 = Debug|Any CPU
		{15F4E186-DBB3-414E-9AC2-ED6264662E4D}.Release|Any CPU.ActiveCfg = Release|Any CPU
		{15F4E186-DBB3-414E-9AC2-ED6264662E4D}.Release|Any CPU.Build.0 = Release|Any CPU
		{F97F316B-4C34-4D5B-B48F-2F568639B513}.Debug|Any CPU.ActiveCfg = Debug|Any CPU
		{F97F316B-4C34-4D5B-B48F-2F568639B513}.Debug|Any CPU.Build.0 = Debug|Any CPU
		{F97F316B-4C34-4D5B-B48F-2F568639B513}.Release|Any CPU.ActiveCfg = Release|Any CPU
		{F97F316B-4C34-4D5B-B48F-2F568639B513}.Release|Any CPU.Build.0 = Release|Any CPU
		{D75F2158-EFA0-457B-9B84-B90334E64A3A}.Debug|Any CPU.ActiveCfg = Debug|Any CPU
		{D75F2158-EFA0-457B-9B84-B90334E64A3A}.Debug|Any CPU.Build.0 = Debug|Any CPU
		{D75F2158-EFA0-457B-9B84-B90334E64A3A}.Release|Any CPU.ActiveCfg = Release|Any CPU
		{D75F2158-EFA0-457B-9B84-B90334E64A3A}.Release|Any CPU.Build.0 = Release|Any CPU
		{2129B11E-C075-4F4D-B195-2513A6A74716}.Debug|Any CPU.ActiveCfg = Debug|Any CPU
		{2129B11E-C075-4F4D-B195-2513A6A74716}.Debug|Any CPU.Build.0 = Debug|Any CPU
		{2129B11E-C075-4F4D-B195-2513A6A74716}.Release|Any CPU.ActiveCfg = Release|Any CPU
		{2129B11E-C075-4F4D-B195-2513A6A74716}.Release|Any CPU.Build.0 = Release|Any CPU
	EndGlobalSection
	GlobalSection(SolutionProperties) = preSolution
		HideSolutionNode = FALSE
	EndGlobalSection
	GlobalSection(ExtensibilityGlobals) = postSolution
		SolutionGuid = {DDA1B0C2-88CB-4946-B09B-68AEA55A88BE}
	EndGlobalSection
EndGlobal
